<?xml version="1.0" encoding="utf-8"?>
<Project ToolsVersion="4.0" xmlns="http://schemas.microsoft.com/developer/msbuild/2003">
  <ItemGroup>
    <ClCompile Include="Base64.cpp" />
    <ClCompile Include="Enemy.cpp" />
    <ClCompile Include="Game.cpp" />
    <ClCompile Include="GameObject.cpp" />
    <ClCompile Include="GameStateMachine.cpp" />
    <ClCompile Include="Layer.cpp" />
    <ClCompile Include="Level.cpp" />
    <ClCompile Include="LevelParser.cpp" />
    <ClCompile Include="main.cpp" />
    <ClCompile Include="MenuButton.cpp" />
    <ClCompile Include="MenuObject.cpp" />
    <ClCompile Include="MenuState.cpp" />
    <ClCompile Include="Player.cpp" />
    <ClCompile Include="PlayState.cpp" />
    <ClCompile Include="TextureManager.cpp" />
    <ClCompile Include="TileLayer.cpp" />
    <ClCompile Include="tinystr.cpp" />
    <ClCompile Include="tinyxml.cpp" />
    <ClCompile Include="tinyxmlerror.cpp" />
    <ClCompile Include="tinyxmlparser.cpp" />
    <ClCompile Include="StateParser.cpp" />
    <ClCompile Include="Bullet.cpp" />
    <ClCompile Include="Planet.cpp" />
    <ClCompile Include="Stars.cpp" />
    <ClCompile Include="Comet.cpp" />
    <ClCompile Include="BigComet.cpp" />
  </ItemGroup>
  <ItemGroup>
    <ClInclude Include="Base64.h" />
    <ClInclude Include="Enemy.h" />
    <ClInclude Include="Game.h" />
    <ClInclude Include="GameObject.h" />
    <ClInclude Include="GameState.h" />
    <ClInclude Include="GameStateMachine.h" />
    <ClInclude Include="includes.h" />
    <ClInclude Include="Layer.h" />
    <ClInclude Include="Level.h" />
    <ClInclude Include="LevelParser.h" />
    <ClInclude Include="LoaderParams.h" />
    <ClInclude Include="MenuButton.h" />
    <ClInclude Include="MenuObject.h" />
    <ClInclude Include="MenuState.h" />
    <ClInclude Include="Player.h" />
    <ClInclude Include="PlayState.h" />
    <ClInclude Include="TextureManager.h" />
    <ClInclude Include="TileLayer.h" />
    <ClInclude Include="tinystr.h" />
    <ClInclude Include="tinyxml.h" />
    <ClInclude Include="Vector2D.h" />
    <ClInclude Include="GameObjectFactory.h" />
    <ClInclude Include="StateParser.h" />
    <ClInclude Include="Bullet.h" />
    <ClInclude Include="Planet.h" />
    <ClInclude Include="Stars.h" />
    <ClInclude Include="Comet.h" />
    <ClInclude Include="BigComet.h" />
  </ItemGroup>
</Project>